[[package]]
name = "cfg-if"
version = "0.1.5"
source = "registry+https://github.com/rust-lang/crates.io-index"

[[package]]
name = "fern"
version = "0.5.6"
source = "registry+https://github.com/rust-lang/crates.io-index"
dependencies = [
 "log 0.4.4 (registry+https://github.com/rust-lang/crates.io-index)",
]

[[package]]
name = "indexmap"
version = "0.4.1"
source = "registry+https://github.com/rust-lang/crates.io-index"

[[package]]
name = "log"
version = "0.4.4"
source = "registry+https://github.com/rust-lang/crates.io-index"
dependencies = [
 "cfg-if 0.1.5 (registry+https://github.com/rust-lang/crates.io-index)",
]

[[package]]
name = "priority-queue"
version = "0.5.2"
source = "registry+https://github.com/rust-lang/crates.io-index"
dependencies = [
 "indexmap 0.4.1 (registry+https://github.com/rust-lang/crates.io-index)",
]

[[package]]
name = "rustasata"
version = "0.1.0"
dependencies = [
 "fern 0.5.6 (registry+https://github.com/rust-lang/crates.io-index)",
 "log 0.4.4 (registry+https://github.com/rust-lang/crates.io-index)",
 "priority-queue 0.5.2 (registry+https://github.com/rust-lang/crates.io-index)",
 "vec_map 0.8.1 (registry+https://github.com/rust-lang/crates.io-index)",
]

[[package]]
name = "vec_map"
version = "0.8.1"
source = "registry+https://github.com/rust-lang/crates.io-index"

[metadata]
"checksum cfg-if 0.1.5 (registry+https://github.com/rust-lang/crates.io-index)" = "0c4e7bb64a8ebb0d856483e1e682ea3422f883c5f5615a90d51a2c82fe87fdd3"
"checksum fern 0.5.6 (registry+https://github.com/rust-lang/crates.io-index)" = "57915fe00a83af935983eb2d00b0ecc62419c4741b28c207ecbf98fd4a1b94c8"
"checksum indexmap 0.4.1 (registry+https://github.com/rust-lang/crates.io-index)" = "7164c96d6e18ccc3ce43f3dedac996c21a220670a106c275b96ad92110401362"
"checksum log 0.4.4 (registry+https://github.com/rust-lang/crates.io-index)" = "cba860f648db8e6f269df990180c2217f333472b4a6e901e97446858487971e2"
"checksum priority-queue 0.5.2 (registry+https://github.com/rust-lang/crates.io-index)" = "41196e93c8f2e2b41768adadabfcbe9a6296980503ced7c904392e796e1f08ab"
"checksum vec_map 0.8.1 (registry+https://github.com/rust-lang/crates.io-index)" = "05c78687fb1a80548ae3250346c3db86a80a7cdd77bda190189f2d0a0987c81a"
